
Microsoft Visual Studio Solution File, Format Version 12.00
# Visual Studio Version 17
VisualStudioVersion = 17.8.34316.72
MinimumVisualStudioVersion = 10.0.40219.1
Project("{FAE04EC0-301F-11D3-BF4B-00C04F79EFBC}") = "CertificateGenerator", "CertificateGenerator\CertificateGenerator.csproj", "{7C473F01-4CD4-4265-BFED-F4C453B368E6}"
EndProject
Global
	GlobalSection(SolutionConfigurationPlatforms) = preSolution
		Debug|Any CPU = Debug|Any CPU
		Release|Any CPU = Release|Any CPU
	EndGlobalSection
	GlobalSection(ProjectConfigurationPlatforms) = postSolution
		{7C473F01-4CD4-4265-BFED-F4C453B368E6}.Debug|Any CPU.ActiveCfg = Debug|Any CPU
		{7C473F01-4CD4-4265-BFED-F4C453B368E6}.Debug|Any CPU.Build.0 = Debug|Any CPU
		{7C473F01-4CD4-4265-BFED-F4C453B368E6}.Release|Any CPU.ActiveCfg = Release|Any CPU
		{7C473F01-4CD4-4265-BFED-F4C453B368E6}.Release|Any CPU.Build.0 = Release|Any CPU
	EndGlobalSection
	GlobalSection(SolutionProperties) = preSolution
		HideSolutionNode = FALSE
	EndGlobalSection
EndGlobal
